
Microsoft Visual Studio Solution File, Format Version 12.00
# Visual Studio 14
VisualStudioVersion = 14.0.24720.0
MinimumVisualStudioVersion = 10.0.40219.1
Project("{FAE04EC0-301F-11D3-BF4B-00C04F79EFBC}") = "Mashup", "Mashup\Mashup.csproj", "{FE9B585D-8A61-4F6F-ACAA-97D4AFA7065B}"
EndProject
Project("{FAE04EC0-301F-11D3-BF4B-00C04F79EFBC}") = "MashupApi", "MashupApi\MashupApi.csproj", "{51594F8C-17E6-4120-A6D4-B9DA323076FF}"
EndProject
Global
	GlobalSection(SolutionConfigurationPlatforms) = preSolution
		Debug|Any CPU = Debug|Any CPU
		Release|Any CPU = Release|Any CPU
	EndGlobalSection
	GlobalSection(ProjectConfigurationPlatforms) = postSolution
		{FE9B585D-8A61-4F6F-ACAA-97D4AFA7065B}.Debug|Any CPU.ActiveCfg = Debug|Any CPU
		{FE9B585D-8A61-4F6F-ACAA-97D4AFA7065B}.Debug|Any CPU.Build.0 = Debug|Any CPU
		{FE9B585D-8A61-4F6F-ACAA-97D4AFA7065B}.Release|Any CPU.ActiveCfg = Release|Any CPU
		{FE9B585D-8A61-4F6F-ACAA-97D4AFA7065B}.Release|Any CPU.Build.0 = Release|Any CPU
		{51594F8C-17E6-4120-A6D4-B9DA323076FF}.Debug|Any CPU.ActiveCfg = Debug|Any CPU
		{51594F8C-17E6-4120-A6D4-B9DA323076FF}.Debug|Any CPU.Build.0 = Debug|Any CPU
		{51594F8C-17E6-4120-A6D4-B9DA323076FF}.Release|Any CPU.ActiveCfg = Release|Any CPU
		{51594F8C-17E6-4120-A6D4-B9DA323076FF}.Release|Any CPU.Build.0 = Release|Any CPU
	EndGlobalSection
	GlobalSection(SolutionProperties) = preSolution
		HideSolutionNode = FALSE
	EndGlobalSection
EndGlobal
